{
  "version": 4,
  "terraform_version": "1.11.4",
  "serial": 50,
  "lineage": "575e99d8-96ef-3643-10a5-bce40e24b9b8",
  "outputs": {
    "databaseserver_ip": {
      "value": "192.168.20.43",
      "type": "string"
    },
    "webserver_ips": {
      "value": [
        "192.168.20.41",
        "192.168.20.42"
      ],
      "type": [
        "tuple",
        [
          "string",
          "string"
        ]
      ]
    }
  },
  "resources": [
    {
      "mode": "managed",
      "type": "esxi_guest",
      "name": "databaseserver",
      "provider": "provider[\"registry.terraform.io/josenk/esxi\"]",
      "instances": [
        {
          "schema_version": 0,
          "attributes": {
            "boot_disk_size": null,
            "boot_disk_type": "thin",
            "boot_firmware": "bios",
            "clone_from_vm": null,
            "disk_store": "DS01",
            "guest_name": "databaseserver",
            "guest_shutdown_timeout": 20,
            "guest_startup_timeout": 120,
            "guestinfo": {
              "userdata": "I2Nsb3VkLWNvbmZpZwp1c2VyczoKICAtIG5hbWU6IHN0dWRlbnQKICAgIGdyb3Vwczogc3VkbwogICAgc3VkbzogQUxMPShBTEwpIE5PUEFTU1dEOkFMTAogICAgc2hlbGw6IC9iaW4vYmFzaAogICAgc3NoX2F1dGhvcml6ZWRfa2V5czoKICAgIC0gc3NoLWVkMjU1MTkgQUFBQUMzTnphQzFsWkRJMU5URTVBQUFBSUw1OGpheEQzZlhRUG01em03S2RSSjB2TUZzQzFhL0JuQ3REZ3NwZUNid2cgc3R1ZGVudEBzMTE5MDgyOC11YnVudHUKcGFja2FnZXM6CiAgLSB3Z2V0CiAgLSBudHBkYXRl",
              "userdata.encoding": "base64"
            },
            "guestos": "ubuntu-64",
            "host_ovf": null,
            "id": "41",
            "ip_address": "192.168.20.43",
            "memsize": "2048",
            "network_interfaces": [
              {
                "mac_address": "",
                "nic_type": "e1000",
                "virtual_network": "VM Network"
              }
            ],
            "notes": "",
            "numvcpus": "1",
            "ovf_properties": [],
            "ovf_properties_timer": 90,
            "ovf_source": "https://cloud-images.ubuntu.com/releases/24.04/release/ubuntu-24.04-server-cloudimg-amd64.ova",
            "power": "on",
            "resource_pool_name": "/",
            "virthwver": "10",
            "virtual_disks": []
          },
          "sensitive_attributes": [],
          "private": "bnVsbA=="
        }
      ]
    },
    {
      "mode": "managed",
      "type": "esxi_guest",
      "name": "webserver",
      "provider": "provider[\"registry.terraform.io/josenk/esxi\"]",
      "instances": [
        {
          "index_key": 0,
          "schema_version": 0,
          "attributes": {
            "boot_disk_size": null,
            "boot_disk_type": "thin",
            "boot_firmware": "bios",
            "clone_from_vm": null,
            "disk_store": "DS01",
            "guest_name": "LES03webserver-1",
            "guest_shutdown_timeout": 20,
            "guest_startup_timeout": 120,
            "guestinfo": {
              "userdata": "I2Nsb3VkLWNvbmZpZwp1c2VyczoKICAtIG5hbWU6IHN0dWRlbnQKICAgIGdyb3Vwczogc3VkbwogICAgc3VkbzogQUxMPShBTEwpIE5PUEFTU1dEOkFMTAogICAgc2hlbGw6IC9iaW4vYmFzaAogICAgc3NoX2F1dGhvcml6ZWRfa2V5czoKICAgIC0gc3NoLWVkMjU1MTkgQUFBQUMzTnphQzFsWkRJMU5URTVBQUFBSUw1OGpheEQzZlhRUG01em03S2RSSjB2TUZzQzFhL0JuQ3REZ3NwZUNid2cgc3R1ZGVudEBzMTE5MDgyOC11YnVudHUKcGFja2FnZXM6CiAgLSB3Z2V0CiAgLSBudHBkYXRl",
              "userdata.encoding": "base64"
            },
            "guestos": "ubuntu-64",
            "host_ovf": null,
            "id": "43",
            "ip_address": "192.168.20.41",
            "memsize": "2048",
            "network_interfaces": [
              {
                "mac_address": "",
                "nic_type": "e1000",
                "virtual_network": "VM Network"
              }
            ],
            "notes": "",
            "numvcpus": "1",
            "ovf_properties": [],
            "ovf_properties_timer": 90,
            "ovf_source": "https://cloud-images.ubuntu.com/releases/24.04/release/ubuntu-24.04-server-cloudimg-amd64.ova",
            "power": "on",
            "resource_pool_name": "/",
            "virthwver": "10",
            "virtual_disks": []
          },
          "sensitive_attributes": [],
          "private": "bnVsbA=="
        },
        {
          "index_key": 1,
          "schema_version": 0,
          "attributes": {
            "boot_disk_size": null,
            "boot_disk_type": "thin",
            "boot_firmware": "bios",
            "clone_from_vm": null,
            "disk_store": "DS01",
            "guest_name": "LES03webserver-2",
            "guest_shutdown_timeout": 20,
            "guest_startup_timeout": 120,
            "guestinfo": {
              "userdata": "I2Nsb3VkLWNvbmZpZwp1c2VyczoKICAtIG5hbWU6IHN0dWRlbnQKICAgIGdyb3Vwczogc3VkbwogICAgc3VkbzogQUxMPShBTEwpIE5PUEFTU1dEOkFMTAogICAgc2hlbGw6IC9iaW4vYmFzaAogICAgc3NoX2F1dGhvcml6ZWRfa2V5czoKICAgIC0gc3NoLWVkMjU1MTkgQUFBQUMzTnphQzFsWkRJMU5URTVBQUFBSUw1OGpheEQzZlhRUG01em03S2RSSjB2TUZzQzFhL0JuQ3REZ3NwZUNid2cgc3R1ZGVudEBzMTE5MDgyOC11YnVudHUKcGFja2FnZXM6CiAgLSB3Z2V0CiAgLSBudHBkYXRl",
              "userdata.encoding": "base64"
            },
            "guestos": "ubuntu-64",
            "host_ovf": null,
            "id": "42",
            "ip_address": "192.168.20.42",
            "memsize": "2048",
            "network_interfaces": [
              {
                "mac_address": "",
                "nic_type": "e1000",
                "virtual_network": "VM Network"
              }
            ],
            "notes": "",
            "numvcpus": "1",
            "ovf_properties": [],
            "ovf_properties_timer": 90,
            "ovf_source": "https://cloud-images.ubuntu.com/releases/24.04/release/ubuntu-24.04-server-cloudimg-amd64.ova",
            "power": "on",
            "resource_pool_name": "/",
            "virthwver": "10",
            "virtual_disks": []
          },
          "sensitive_attributes": [],
          "private": "bnVsbA=="
        }
      ]
    },
    {
      "mode": "managed",
      "type": "null_resource",
      "name": "generate_ansible_inventory",
      "provider": "provider[\"registry.terraform.io/hashicorp/null\"]",
      "instances": [
        {
          "schema_version": 0,
          "attributes": {
            "id": "8239535600711323928",
            "triggers": null
          },
          "sensitive_attributes": [],
          "dependencies": [
            "esxi_guest.databaseserver",
            "esxi_guest.webserver"
          ]
        }
      ]
    }
  ],
  "check_results": null
}
