{
  "version": 4,
  "terraform_version": "1.11.4",
  "serial": 14,
  "lineage": "575e99d8-96ef-3643-10a5-bce40e24b9b8",
  "outputs": {},
  "resources": [
    {
      "mode": "managed",
      "type": "esxi_guest",
      "name": "webserver",
      "provider": "provider[\"registry.terraform.io/josenk/esxi\"]",
      "instances": [
        {
          "index_key": 0,
          "schema_version": 0,
          "attributes": {
            "boot_disk_size": null,
            "boot_disk_type": "thin",
            "boot_firmware": "bios",
            "clone_from_vm": null,
            "disk_store": "DS01",
            "guest_name": "LES03webserver-1",
            "guest_shutdown_timeout": 20,
            "guest_startup_timeout": 120,
            "guestinfo": {
              "userdata": "I2Nsb3VkLWNvbmZpZwp1c2VyczoKICAtIG5hbWU6IHN0dWRlbnQKICAgIGdyb3Vwczogc3VkbwogICAgc3VkbzogQUxMPShBTEwpIE5PUEFTU1dEOkFMTAogICAgc2hlbGw6IC9iaW4vYmFzaAogICAgc3NoX2F1dGhvcml6ZWRfa2V5czoKICAgICAgLSBzc2gtZWQyNTUxOSBBQUFBQzNOemFDMWxaREkxTlRFNUFBQUFJTDU4amF4RDNmWFFQbTV6bTdLZFJKMHZNRnNDMWEvQm5DdERnc3BlQ2J3ZyBzdHVkZW50QHMxMTkwODI4LXVidW50dQoKcGFja2FnZXM6CiAgLSB3Z2V0CiAgLSBudHBkYXRlCgo=",
              "userdata.encoding": "base64"
            },
            "guestos": "ubuntu-64",
            "host_ovf": null,
            "id": "34",
            "ip_address": "192.168.20.34",
            "memsize": "2048",
            "network_interfaces": [
              {
                "mac_address": "",
                "nic_type": "e1000",
                "virtual_network": "VM Network"
              }
            ],
            "notes": "",
            "numvcpus": "1",
            "ovf_properties": [],
            "ovf_properties_timer": 90,
            "ovf_source": "https://cloud-images.ubuntu.com/releases/24.04/release/ubuntu-24.04-server-cloudimg-amd64.ova",
            "power": "on",
            "resource_pool_name": "/",
            "virthwver": "10",
            "virtual_disks": []
          },
          "sensitive_attributes": [],
          "private": "bnVsbA=="
        }
      ]
    },
    {
      "mode": "managed",
      "type": "local_file",
      "name": "all_ips",
      "provider": "provider[\"registry.terraform.io/hashicorp/local\"]",
      "instances": [
        {
          "schema_version": 0,
          "attributes": {
            "content": "192.168.20.34",
            "content_base64": null,
            "content_base64sha256": "7HUkw7cNkYiisYYasLm8dcRRaQY2Ln45SMjHc2/+bNw=",
            "content_base64sha512": "MByrGxreZcOiD1eHTTO8B/pYPZrbRFCV+H9VgSQmdcm5Nb6VeIAJ33/Z6CgC8kvhsl+m0AwjumANCDBA5f20PQ==",
            "content_md5": "9187f4313fedc4f9acc6c3caea9432cd",
            "content_sha1": "1618a0404d75cc0f6ccb600956b59ab3efa27d3f",
            "content_sha256": "ec7524c3b70d9188a2b1861ab0b9bc75c4516906362e7e3948c8c7736ffe6cdc",
            "content_sha512": "301cab1b1ade65c3a20f57874d33bc07fa583d9adb445095f87f5581242675c9b935be95788009df7fd9e82802f24be1b25fa6d00c23ba600d083040e5fdb43d",
            "directory_permission": "0777",
            "file_permission": "0777",
            "filename": "./serverips.txt",
            "id": "1618a0404d75cc0f6ccb600956b59ab3efa27d3f",
            "sensitive_content": null,
            "source": null
          },
          "sensitive_attributes": [
            [
              {
                "type": "get_attr",
                "value": "sensitive_content"
              }
            ]
          ],
          "dependencies": [
            "esxi_guest.webserver"
          ]
        }
      ]
    }
  ],
  "check_results": null
}
